{
  "name": "vote-app",
  "version": "1.0.0",
  "lockfileVersion": 1,
  "requires": true,
  "dependencies": {
    "hoist-non-react-statics": {
      "version": "3.3.0",
      "resolved": "https://registry.npmjs.org/hoist-non-react-statics/-/hoist-non-react-statics-3.3.0.tgz",
      "integrity": "sha512-0XsbTXxgiaCDYDIWFcwkmerZPSwywfUqYmwT4jzewKTQSWoE6FCMoUVOeBJWK3E/CrWbxRG3m5GzY4lnIwGRBA==",
      "requires": {
        "react-is": "^16.7.0"
      }
    },
    "mobx-react": {
      "version": "5.4.3",
      "resolved": "https://registry.npmjs.org/mobx-react/-/mobx-react-5.4.3.tgz",
      "integrity": "sha512-WC8yFlwvJ91hy8j6CrydAuFteUafcuvdITFQeHl3LRIf5ayfT/4W3M/byhEYD2BcJWejeXr8y4Rh2H26RunCRQ==",
      "requires": {
        "hoist-non-react-statics": "^3.0.0",
        "react-lifecycles-compat": "^3.0.2"
      }
    },
    "react-is": {
      "version": "16.7.0",
      "resolved": "https://registry.npmjs.org/react-is/-/react-is-16.7.0.tgz",
      "integrity": "sha512-Z0VRQdF4NPDoI0tsXVMLkJLiwEBa+RP66g0xDHxgxysxSoCUccSten4RTF/UFvZF1dZvZ9Zu1sx+MDXwcOR34g=="
    },
    "react-lifecycles-compat": {
      "version": "3.0.4",
      "resolved": "https://registry.npmjs.org/react-lifecycles-compat/-/react-lifecycles-compat-3.0.4.tgz",
      "integrity": "sha512-fBASbA6LnOU9dOU2eW7aQ8xmYBSXUIWr+UmF9b1efZBazGNO+rcXT/icdKnYm2pTwcRylVUYwW7H1PHfLekVzA=="
    }
  }
}
